PODS:
  - Flutter (1.0.0)
  - saltedfish_weibo_plugin (0.0.1):
    - Flutter
    - Weibo_SDK
  - Weibo_SDK (3.2.3)

DEPENDENCIES:
  - Flutter (from `.symlinks/flutter/ios`)
  - saltedfish_weibo_plugin (from `.symlinks/plugins/saltedfish_weibo_plugin/ios`)

SPEC REPOS:
  https://github.com/cocoapods/specs.git:
    - Weibo_SDK

EXTERNAL SOURCES:
  Flutter:
    :path: ".symlinks/flutter/ios"
  saltedfish_weibo_plugin:
    :path: ".symlinks/plugins/saltedfish_weibo_plugin/ios"

SPEC CHECKSUMS:
  Flutter: 9d0fac939486c9aba2809b7982dfdbb47a7b0296
  saltedfish_weibo_plugin: 00dac2a7c6dd588c1748434536b126a0e8c21117
  Weibo_SDK: 652ca78c2f7147a5de5e75e7cbea89838a81772a

PODFILE CHECKSUM: 1e5af4103afd21ca5ead147d7b81d06f494f51a2

COCOAPODS: 1.5.3
